
Microsoft Visual Studio Solution File, Format Version 12.00
# Visual Studio Version 16
VisualStudioVersion = 16.0.30907.101
MinimumVisualStudioVersion = 10.0.40219.1
Project("{FAE04EC0-301F-11D3-BF4B-00C04F79EFBC}") = "Electronic_MVC", "Electronic_MVC.csproj", "{851093F4-0E8D-4D9B-9623-EE52D9CB0A12}"
EndProject
Global
	GlobalSection(SolutionConfigurationPlatforms) = preSolution
		Debug|Any CPU = Debug|Any CPU
		Release|Any CPU = Release|Any CPU
	EndGlobalSection
	GlobalSection(ProjectConfigurationPlatforms) = postSolution
		{851093F4-0E8D-4D9B-9623-EE52D9CB0A12}.Debug|Any CPU.ActiveCfg = Debug|Any CPU
		{851093F4-0E8D-4D9B-9623-EE52D9CB0A12}.Debug|Any CPU.Build.0 = Debug|Any CPU
		{851093F4-0E8D-4D9B-9623-EE52D9CB0A12}.Release|Any CPU.ActiveCfg = Release|Any CPU
		{851093F4-0E8D-4D9B-9623-EE52D9CB0A12}.Release|Any CPU.Build.0 = Release|Any CPU
	EndGlobalSection
	GlobalSection(SolutionProperties) = preSolution
		HideSolutionNode = FALSE
	EndGlobalSection
	GlobalSection(ExtensibilityGlobals) = postSolution
		SolutionGuid = {45DAA7CC-A78B-479D-91CB-85F39B4E1C23}
	EndGlobalSection
EndGlobal
